// !$*UTF8*$!
{
	archiveVersion = 1;
	classes = {
	};
	objectVersion = 46;
	objects = {

/* Begin PBXBuildFile section */
		C706902D1AF32FE50042552E /* AppDelegate.swift in Sources */ = {isa = PBXBuildFile; fileRef = C706902C1AF32FE50042552E /* AppDelegate.swift */; };
		C706902F1AF32FE50042552E /* ViewController.swift in Sources */ = {isa = PBXBuildFile; fileRef = C706902E1AF32FE50042552E /* ViewController.swift */; };
		C70690321AF32FE50042552E /* Main.storyboard in Resources */ = {isa = PBXBuildFile; fileRef = C70690301AF32FE50042552E /* Main.storyboard */; };
		C70690341AF32FE50042552E /* Images.xcassets in Resources */ = {isa = PBXBuildFile; fileRef = C70690331AF32FE50042552E /* Images.xcassets */; };
		C70690371AF32FE50042552E /* LaunchScreen.xib in Resources */ = {isa = PBXBuildFile; fileRef = C70690351AF32FE50042552E /* LaunchScreen.xib */; };
		C70690431AF32FE50042552E /* JW3DDiceViewTests.swift in Sources */ = {isa = PBXBuildFile; fileRef = C70690421AF32FE50042552E /* JW3DDiceViewTests.swift */; };
/* End PBXBuildFile section */

/* Begin PBXContainerItemProxy section */
		C706903D1AF32FE50042552E /* PBXContainerItemProxy */ = {
			isa = PBXContainerItemProxy;
			containerPortal = C706901F1AF32FE50042552E /* Project object */;
			proxyType = 1;
			remoteGlobalIDString = C70690261AF32FE50042552E;
			remoteInfo = JW3DDiceView;
		};
/* End PBXContainerItemProxy section */

/* Begin PBXFileReference section */
		C70690271AF32FE50042552E /* JW3DDiceView.app */ = {isa = PBXFileReference; explicitFileType = wrapper.application; includeInIndex = 0; path = JW3DDiceView.app; sourceTree = BUILT_PRODUCTS_DIR; };
		C706902B1AF32FE50042552E /* Info.plist */ = {isa = PBXFileReference; lastKnownFileType = text.plist.xml; path = Info.plist; sourceTree = "<group>"; };
		C706902C1AF32FE50042552E /* AppDelegate.swift */ = {isa = PBXFileReference; lastKnownFileType = sourcecode.swift; path = AppDelegate.swift; sourceTree = "<group>"; };
		C706902E1AF32FE50042552E /* ViewController.swift */ = {isa = PBXFileReference; lastKnownFileType = sourcecode.swift; path = ViewController.swift; sourceTree = "<group>"; };
		C70690311AF32FE50042552E /* Base */ = {isa = PBXFileReference; lastKnownFileType = file.storyboard; name = Base; path = Base.lproj/Main.storyboard; sourceTree = "<group>"; };
		C70690331AF32FE50042552E /* Images.xcassets */ = {isa = PBXFileReference; lastKnownFileType = folder.assetcatalog; path = Images.xcassets; sourceTree = "<group>"; };
		C70690361AF32FE50042552E /* Base */ = {isa = PBXFileReference; lastKnownFileType = file.xib; name = Base; path = Base.lproj/LaunchScreen.xib; sourceTree = "<group>"; };
		C706903C1AF32FE50042552E /* JW3DDiceViewTests.xctest */ = {isa = PBXFileReference; explicitFileType = wrapper.cfbundle; includeInIndex = 0; path = JW3DDiceViewTests.xctest; sourceTree = BUILT_PRODUCTS_DIR; };
		C70690411AF32FE50042552E /* Info.plist */ = {isa = PBXFileReference; lastKnownFileType = text.plist.xml; path = Info.plist; sourceTree = "<group>"; };
		C70690421AF32FE50042552E /* JW3DDiceViewTests.swift */ = {isa = PBXFileReference; lastKnownFileType = sourcecode.swift; path = JW3DDiceViewTests.swift; sourceTree = "<group>"; };
/* End PBXFileReference section */

/* Begin PBXFrameworksBuildPhase section */
		C70690241AF32FE50042552E /* Frameworks */ = {
			isa = PBXFrameworksBuildPhase;
			buildActionMask = 2147483647;
			files = (
			);
			runOnlyForDeploymentPostprocessing = 0;
		};
		C70690391AF32FE50042552E /* Frameworks */ = {
			isa = PBXFrameworksBuildPhase;
			buildActionMask = 2147483647;
			files = (
			);
			runOnlyForDeploymentPostprocessing = 0;
		};
/* End PBXFrameworksBuildPhase section */

/* Begin PBXGroup section */
		C706901E1AF32FE50042552E = {
			isa = PBXGroup;
			children = (
				C70690291AF32FE50042552E /* JW3DDiceView */,
				C706903F1AF32FE50042552E /* JW3DDiceViewTests */,
				C70690281AF32FE50042552E /* Products */,
			);
			sourceTree = "<group>";
		};
		C70690281AF32FE50042552E /* Products */ = {
			isa = PBXGroup;
			children = (
				C70690271AF32FE50042552E /* JW3DDiceView.app */,
				C706903C1AF32FE50042552E /* JW3DDiceViewTests.xctest */,
			);
			name = Products;
			sourceTree = "<group>";
		};
		C70690291AF32FE50042552E /* JW3DDiceView */ = {
			isa = PBXGroup;
			children = (
				C706902C1AF32FE50042552E /* AppDelegate.swift */,
				C706902E1AF32FE50042552E /* ViewController.swift */,
				C70690301AF32FE50042552E /* Main.storyboard */,
				C70690331AF32FE50042552E /* Images.xcassets */,
				C70690351AF32FE50042552E /* LaunchScreen.xib */,
				C706902A1AF32FE50042552E /* Supporting Files */,
			);
			path = JW3DDiceView;
			sourceTree = "<group>";
		};
		C706902A1AF32FE50042552E /* Supporting Files */ = {
			isa = PBXGroup;
			children = (
				C706902B1AF32FE50042552E /* Info.plist */,
			);
			name = "Supporting Files";
			sourceTree = "<group>";
		};
		C706903F1AF32FE50042552E /* JW3DDiceViewTests */ = {
			isa = PBXGroup;
			children = (
				C70690421AF32FE50042552E /* JW3DDiceViewTests.swift */,
				C70690401AF32FE50042552E /* Supporting Files */,
			);
			path = JW3DDiceViewTests;
			sourceTree = "<group>";
		};
		C70690401AF32FE50042552E /* Supporting Files */ = {
			isa = PBXGroup;
			children = (
				C70690411AF32FE50042552E /* Info.plist */,
			);
			name = "Supporting Files";
			sourceTree = "<group>";
		};
/* End PBXGroup section */

/* Begin PBXNativeTarget section */
		C70690261AF32FE50042552E /* JW3DDiceView */ = {
			isa = PBXNativeTarget;
			buildConfigurationList = C70690461AF32FE50042552E /* Build configuration list for PBXNativeTarget "JW3DDiceView" */;
			buildPhases = (
				C70690231AF32FE50042552E /* Sources */,
				C70690241AF32FE50042552E /* Frameworks */,
				C70690251AF32FE50042552E /* Resources */,
			);
			buildRules = (
			);
			dependencies = (
			);
			name = JW3DDiceView;
			productName = JW3DDiceView;
			productReference = C70690271AF32FE50042552E /* JW3DDiceView.app */;
			productType = "com.apple.product-type.application";
		};
		C706903B1AF32FE50042552E /* JW3DDiceViewTests */ = {
			isa = PBXNativeTarget;
			buildConfigurationList = C70690491AF32FE50042552E /* Build configuration list for PBXNativeTarget "JW3DDiceViewTests" */;
			buildPhases = (
				C70690381AF32FE50042552E /* Sources */,
				C70690391AF32FE50042552E /* Frameworks */,
				C706903A1AF32FE50042552E /* Resources */,
			);
			buildRules = (
			);
			dependencies = (
				C706903E1AF32FE50042552E /* PBXTargetDependency */,
			);
			name = JW3DDiceViewTests;
			productName = JW3DDiceViewTests;
			productReference = C706903C1AF32FE50042552E /* JW3DDiceViewTests.xctest */;
			productType = "com.apple.product-type.bundle.unit-test";
		};
/* End PBXNativeTarget section */

/* Begin PBXProject section */
		C706901F1AF32FE50042552E /* Project object */ = {
			isa = PBXProject;
			attributes = {
				LastUpgradeCheck = 0630;
				ORGANIZATIONNAME = "Jacky Wang";
				TargetAttributes = {
					C70690261AF32FE50042552E = {
						CreatedOnToolsVersion = 6.3.1;
					};
					C706903B1AF32FE50042552E = {
						CreatedOnToolsVersion = 6.3.1;
						TestTargetID = C70690261AF32FE50042552E;
					};
				};
			};
			buildConfigurationList = C70690221AF32FE50042552E /* Build configuration list for PBXProject "JW3DDiceView" */;
			compatibilityVersion = "Xcode 3.2";
			developmentRegion = English;
			hasScannedForEncodings = 0;
			knownRegions = (
				en,
				Base,
			);
			mainGroup = C706901E1AF32FE50042552E;
			productRefGroup = C70690281AF32FE50042552E /* Products */;
			projectDirPath = "";
			projectRoot = "";
			targets = (
				C70690261AF32FE50042552E /* JW3DDiceView */,
				C706903B1AF32FE50042552E /* JW3DDiceViewTests */,
			);
		};
/* End PBXProject section */

/* Begin PBXResourcesBuildPhase section */
		C70690251AF32FE50042552E /* Resources */ = {
			isa = PBXResourcesBuildPhase;
			buildActionMask = 2147483647;
			files = (
				C70690321AF32FE50042552E /* Main.storyboard in Resources */,
				C70690371AF32FE50042552E /* LaunchScreen.xib in Resources */,
				C70690341AF32FE50042552E /* Images.xcassets in Resources */,
			);
			runOnlyForDeploymentPostprocessing = 0;
		};
		C706903A1AF32FE50042552E /* Resources */ = {
			isa = PBXResourcesBuildPhase;
			buildActionMask = 2147483647;
			files = (
			);
			runOnlyForDeploymentPostprocessing = 0;
		};
/* End PBXResourcesBuildPhase section */

/* Begin PBXSourcesBuildPhase section */
		C70690231AF32FE50042552E /* Sources */ = {
			isa = PBXSourcesBuildPhase;
			buildActionMask = 2147483647;
			files = (
				C706902F1AF32FE50042552E /* ViewController.swift in Sources */,
				C706902D1AF32FE50042552E /* AppDelegate.swift in Sources */,
			);
			runOnlyForDeploymentPostprocessing = 0;
		};
		C70690381AF32FE50042552E /* Sources */ = {
			isa = PBXSourcesBuildPhase;
			buildActionMask = 2147483647;
			files = (
				C70690431AF32FE50042552E /* JW3DDiceViewTests.swift in Sources */,
			);
			runOnlyForDeploymentPostprocessing = 0;
		};
/* End PBXSourcesBuildPhase section */

/* Begin PBXTargetDependency section */
		C706903E1AF32FE50042552E /* PBXTargetDependency */ = {
			isa = PBXTargetDependency;
			target = C70690261AF32FE50042552E /* JW3DDiceView */;
			targetProxy = C706903D1AF32FE50042552E /* PBXContainerItemProxy */;
		};
/* End PBXTargetDependency section */

/* Begin PBXVariantGroup section */
		C70690301AF32FE50042552E /* Main.storyboard */ = {
			isa = PBXVariantGroup;
			children = (
				C70690311AF32FE50042552E /* Base */,
			);
			name = Main.storyboard;
			sourceTree = "<group>";
		};
		C70690351AF32FE50042552E /* LaunchScreen.xib */ = {
			isa = PBXVariantGroup;
			children = (
				C70690361AF32FE50042552E /* Base */,
			);
			name = LaunchScreen.xib;
			sourceTree = "<group>";
		};
/* End PBXVariantGroup section */

/* Begin XCBuildConfiguration section */
		C70690441AF32FE50042552E /* Debug */ = {
			isa = XCBuildConfiguration;
			buildSettings = {
				ALWAYS_SEARCH_USER_PATHS = NO;
				CLANG_CXX_LANGUAGE_STANDARD = "gnu++0x";
				CLANG_CXX_LIBRARY = "libc++";
				CLANG_ENABLE_MODULES = YES;
				CLANG_ENABLE_OBJC_ARC = YES;
				CLANG_WARN_BOOL_CONVERSION = YES;
				CLANG_WARN_CONSTANT_CONVERSION = YES;
				CLANG_WARN_DIRECT_OBJC_ISA_USAGE = YES_ERROR;
				CLANG_WARN_EMPTY_BODY = YES;
				CLANG_WARN_ENUM_CONVERSION = YES;
				CLANG_WARN_INT_CONVERSION = YES;
				CLANG_WARN_OBJC_ROOT_CLASS = YES_ERROR;
				CLANG_WARN_UNREACHABLE_CODE = YES;
				CLANG_WARN__DUPLICATE_METHOD_MATCH = YES;
				"CODE_SIGN_IDENTITY[sdk=iphoneos*]" = "iPhone Developer";
				COPY_PHASE_STRIP = NO;
				DEBUG_INFORMATION_FORMAT = "dwarf-with-dsym";
				ENABLE_STRICT_OBJC_MSGSEND = YES;
				GCC_C_LANGUAGE_STANDARD = gnu99;
				GCC_DYNAMIC_NO_PIC = NO;
				GCC_NO_COMMON_BLOCKS = YES;
				GCC_OPTIMIZATION_LEVEL = 0;
				GCC_PREPROCESSOR_DEFINITIONS = (
					"DEBUG=1",
					"$(inherited)",
				);
				GCC_SYMBOLS_PRIVATE_EXTERN = NO;
				GCC_WARN_64_TO_32_BIT_CONVERSION = YES;
				GCC_WARN_ABOUT_RETURN_TYPE = YES_ERROR;
				GCC_WARN_UNDECLARED_SELECTOR = YES;
				GCC_WARN_UNINITIALIZED_AUTOS = YES_AGGRESSIVE;
				GCC_WARN_UNUSED_FUNCTION = YES;
				GCC_WARN_UNUSED_VARIABLE = YES;
				IPHONEOS_DEPLOYMENT_TARGET = 8.3;
				MTL_ENABLE_DEBUG_INFO = YES;
				ONLY_ACTIVE_ARCH = YES;
				SDKROOT = iphoneos;
				SWIFT_OPTIMIZATION_LEVEL = "-Onone";
			};
			name = Debug;
		};
		C70690451AF32FE50042552E /* Release */ = {
			isa = XCBuildConfiguration;
			buildSettings = {
				ALWAYS_SEARCH_USER_PATHS = NO;
				CLANG_CXX_LANGUAGE_STANDARD = "gnu++0x";
				CLANG_CXX_LIBRARY = "libc++";
				CLANG_ENABLE_MODULES = YES;
				CLANG_ENABLE_OBJC_ARC = YES;
				CLANG_WARN_BOOL_CONVERSION = YES;
				CLANG_WARN_CONSTANT_CONVERSION = YES;
				CLANG_WARN_DIRECT_OBJC_ISA_USAGE = YES_ERROR;
				CLANG_WARN_EMPTY_BODY = YES;
				CLANG_WARN_ENUM_CONVERSION = YES;
				CLANG_WARN_INT_CONVERSION = YES;
				CLANG_WARN_OBJC_ROOT_CLASS = YES_ERROR;
				CLANG_WARN_UNREACHABLE_CODE = YES;
				CLANG_WARN__DUPLICATE_METHOD_MATCH = YES;
				"CODE_SIGN_IDENTITY[sdk=iphoneos*]" = "iPhone Developer";
				COPY_PHASE_STRIP = NO;
				DEBUG_INFORMATION_FORMAT = "dwarf-with-dsym";
				ENABLE_NS_ASSERTIONS = NO;
				ENABLE_STRICT_OBJC_MSGSEND = YES;
				GCC_C_LANGUAGE_STANDARD = gnu99;
				GCC_NO_COMMON_BLOCKS = YES;
				GCC_WARN_64_TO_32_BIT_CONVERSION = YES;
				GCC_WARN_ABOUT_RETURN_TYPE = YES_ERROR;
				GCC_WARN_UNDECLARED_SELECTOR = YES;
				GCC_WARN_UNINITIALIZED_AUTOS = YES_AGGRESSIVE;
				GCC_WARN_UNUSED_FUNCTION = YES;
				GCC_WARN_UNUSED_VARIABLE = YES;
				IPHONEOS_DEPLOYMENT_TARGET = 8.3;
				MTL_ENABLE_DEBUG_INFO = NO;
				SDKROOT = iphoneos;
				VALIDATE_PRODUCT = YES;
			};
			name = Release;
		};
		C70690471AF32FE50042552E /* Debug */ = {
			isa = XCBuildConfiguration;
			buildSettings = {
				ASSETCATALOG_COMPILER_APPICON_NAME = AppIcon;
				INFOPLIST_FILE = JW3DDiceView/Info.plist;
				LD_RUNPATH_SEARCH_PATHS = "$(inherited) @executable_path/Frameworks";
				PRODUCT_NAME = "$(TARGET_NAME)";
			};
			name = Debug;
		};
		C70690481AF32FE50042552E /* Release */ = {
			isa = XCBuildConfiguration;
			buildSettings = {
				ASSETCATALOG_COMPILER_APPICON_NAME = AppIcon;
				INFOPLIST_FILE = JW3DDiceView/Info.plist;
				LD_RUNPATH_SEARCH_PATHS = "$(inherited) @executable_path/Frameworks";
				PRODUCT_NAME = "$(TARGET_NAME)";
			};
			name = Release;
		};
		C706904A1AF32FE50042552E /* Debug */ = {
			isa = XCBuildConfiguration;
			buildSettings = {
				BUNDLE_LOADER = "$(TEST_HOST)";
				FRAMEWORK_SEARCH_PATHS = (
					"$(SDKROOT)/Developer/Library/Frameworks",
					"$(inherited)",
				);
				GCC_PREPROCESSOR_DEFINITIONS = (
					"DEBUG=1",
					"$(inherited)",
				);
				INFOPLIST_FILE = JW3DDiceViewTests/Info.plist;
				LD_RUNPATH_SEARCH_PATHS = "$(inherited) @executable_path/Frameworks @loader_path/Frameworks";
				PRODUCT_NAME = "$(TARGET_NAME)";
				TEST_HOST = "$(BUILT_PRODUCTS_DIR)/JW3DDiceView.app/JW3DDiceView";
			};
			name = Debug;
		};
		C706904B1AF32FE50042552E /* Release */ = {
			isa = XCBuildConfiguration;
			buildSettings = {
				BUNDLE_LOADER = "$(TEST_HOST)";
				FRAMEWORK_SEARCH_PATHS = (
					"$(SDKROOT)/Developer/Library/Frameworks",
					"$(inherited)",
				);
				INFOPLIST_FILE = JW3DDiceViewTests/Info.plist;
				LD_RUNPATH_SEARCH_PATHS = "$(inherited) @executable_path/Frameworks @loader_path/Frameworks";
				PRODUCT_NAME = "$(TARGET_NAME)";
				TEST_HOST = "$(BUILT_PRODUCTS_DIR)/JW3DDiceView.app/JW3DDiceView";
			};
			name = Release;
		};
/* End XCBuildConfiguration section */

/* Begin XCConfigurationList section */
		C70690221AF32FE50042552E /* Build configuration list for PBXProject "JW3DDiceView" */ = {
			isa = XCConfigurationList;
			buildConfigurations = (
				C70690441AF32FE50042552E /* Debug */,
				C70690451AF32FE50042552E /* Release */,
			);
			defaultConfigurationIsVisible = 0;
			defaultConfigurationName = Release;
		};
		C70690461AF32FE50042552E /* Build configuration list for PBXNativeTarget "JW3DDiceView" */ = {
			isa = XCConfigurationList;
			buildConfigurations = (
				C70690471AF32FE50042552E /* Debug */,
				C70690481AF32FE50042552E /* Release */,
			);
			defaultConfigurationIsVisible = 0;
		};
		C70690491AF32FE50042552E /* Build configuration list for PBXNativeTarget "JW3DDiceViewTests" */ = {
			isa = XCConfigurationList;
			buildConfigurations = (
				C706904A1AF32FE50042552E /* Debug */,
				C706904B1AF32FE50042552E /* Release */,
			);
			defaultConfigurationIsVisible = 0;
		};
/* End XCConfigurationList section */
	};
	rootObject = C706901F1AF32FE50042552E /* Project object */;
}
